
Microsoft Visual Studio Solution File, Format Version 12.00
# Visual Studio 15
VisualStudioVersion = 15.0.26430.6
MinimumVisualStudioVersion = 10.0.40219.1
Project("{FAE04EC0-301F-11D3-BF4B-00C04F79EFBC}") = "Kids Game", "Kids Game\Kids Game.csproj", "{A4182462-A8FC-4091-A8F0-EADA3AB748BC}"
EndProject
Project("{2150E333-8FDC-42A3-9474-1A3956D46DE8}") = "ClassLibrary", "ClassLibrary", "{A68DB320-A423-4D0C-9895-2B9E6EF0D7B8}"
	ProjectSection(SolutionItems) = preProject
		Class1.cs = Class1.cs
	EndProjectSection
EndProject
Global
	GlobalSection(SolutionConfigurationPlatforms) = preSolution
		Debug|Any CPU = Debug|Any CPU
		Release|Any CPU = Release|Any CPU
	EndGlobalSection
	GlobalSection(ProjectConfigurationPlatforms) = postSolution
		{A4182462-A8FC-4091-A8F0-EADA3AB748BC}.Debug|Any CPU.ActiveCfg = Debug|Any CPU
		{A4182462-A8FC-4091-A8F0-EADA3AB748BC}.Debug|Any CPU.Build.0 = Debug|Any CPU
		{A4182462-A8FC-4091-A8F0-EADA3AB748BC}.Release|Any CPU.ActiveCfg = Release|Any CPU
		{A4182462-A8FC-4091-A8F0-EADA3AB748BC}.Release|Any CPU.Build.0 = Release|Any CPU
	EndGlobalSection
	GlobalSection(SolutionProperties) = preSolution
		HideSolutionNode = FALSE
	EndGlobalSection
EndGlobal
